Microsoft Visual Studio Solution File, Format Version 12.00
# Visual Studio Version 17
VisualStudioVersion = 17.5.2.0
MinimumVisualStudioVersion = 10.0.40219.1
Project("{FAE04EC0-301F-11D3-BF4B-00C04F79EFBC}") = "GestaoDesignerDeMemorias", "GestaoDesignerDeMemorias.csproj", "{DA85A82D-ED1C-0B93-739D-91A509D41E10}"
EndProject
Global
	GlobalSection(SolutionConfigurationPlatforms) = preSolution
		Debug|Any CPU = Debug|Any CPU
		Release|Any CPU = Release|Any CPU
	EndGlobalSection
	GlobalSection(ProjectConfigurationPlatforms) = postSolution
		{DA85A82D-ED1C-0B93-739D-91A509D41E10}.Debug|Any CPU.ActiveCfg = Debug|Any CPU
		{DA85A82D-ED1C-0B93-739D-91A509D41E10}.Debug|Any CPU.Build.0 = Debug|Any CPU
		{DA85A82D-ED1C-0B93-739D-91A509D41E10}.Release|Any CPU.ActiveCfg = Release|Any CPU
		{DA85A82D-ED1C-0B93-739D-91A509D41E10}.Release|Any CPU.Build.0 = Release|Any CPU
	EndGlobalSection
	GlobalSection(SolutionProperties) = preSolution
		HideSolutionNode = FALSE
	EndGlobalSection
	GlobalSection(ExtensibilityGlobals) = postSolution
		SolutionGuid = {838A1049-0D68-41C8-A796-40306E8ACA3B}
	EndGlobalSection
EndGlobal
